<?xml version="1.0" encoding="utf-8"?>
<Project ToolsVersion="4.0" xmlns="http://schemas.microsoft.com/developer/msbuild/2003">
  <ItemGroup>
    <Filter Include="Исходные файлы">
      <UniqueIdentifier>{4FC737F1-C7A5-4376-A066-2A32D752A2FF}</UniqueIdentifier>
      <Extensions>cpp;c;cc;cxx;c++;cppm;ixx;def;odl;idl;hpj;bat;asm;asmx</Extensions>
    </Filter>
    <Filter Include="Файлы заголовков">
      <UniqueIdentifier>{93995380-89BD-4b04-88EB-625FBE52EBFB}</UniqueIdentifier>
      <Extensions>h;hh;hpp;hxx;h++;hm;inl;inc;ipp;xsd</Extensions>
    </Filter>
    <Filter Include="Файлы ресурсов">
      <UniqueIdentifier>{67DA6AB6-F800-4c08-8B7A-83BB121AAD01}</UniqueIdentifier>
      <Extensions>rc;ico;cur;bmp;dlg;rc2;rct;bin;rgs;gif;jpg;jpeg;jpe;resx;tiff;tif;png;wav;mfcribbon-ms</Extensions>
    </Filter>
    <Filter Include="Текстовые файлы">
      <UniqueIdentifier>{286b8e28-c69d-4fb6-a6d4-daf3b235806c}</UniqueIdentifier>
    </Filter>
    <Filter Include="Результаты тестов">
      <UniqueIdentifier>{70f62b99-d7bd-454b-b2eb-b5408a2fee96}</UniqueIdentifier>
    </Filter>
  </ItemGroup>
  <ItemGroup>
    <ClInclude Include="mesh_generator.h">
      <Filter>Файлы заголовков</Filter>
    </ClInclude>
    <ClInclude Include="head.h">
      <Filter>Файлы заголовков</Filter>
    </ClInclude>
    <ClInclude Include="solver.h">
      <Filter>Файлы заголовков</Filter>
    </ClInclude>
    <ClInclude Include="diagonal_matrix.h">
      <Filter>Файлы заголовков</Filter>
    </ClInclude>
    <ClInclude Include="fdm.h">
      <Filter>Файлы заголовков</Filter>
    </ClInclude>
    <ClInclude Include="mesh.h">
      <Filter>Файлы заголовков</Filter>
    </ClInclude>
    <ClInclude Include="testing_module.h">
      <Filter>Файлы заголовков</Filter>
    </ClInclude>
    <ClInclude Include="area.h">
      <Filter>Файлы заголовков</Filter>
    </ClInclude>
  </ItemGroup>
  <ItemGroup>
    <ClCompile Include="mesh_generator.cpp">
      <Filter>Исходные файлы</Filter>
    </ClCompile>
    <ClCompile Include="main.cpp">
      <Filter>Исходные файлы</Filter>
    </ClCompile>
    <ClCompile Include="solver.cpp">
      <Filter>Исходные файлы</Filter>
    </ClCompile>
    <ClCompile Include="diagonal_matrix.cpp">
      <Filter>Исходные файлы</Filter>
    </ClCompile>
    <ClCompile Include="fdm.cpp">
      <Filter>Исходные файлы</Filter>
    </ClCompile>
    <ClCompile Include="mesh.cpp">
      <Filter>Исходные файлы</Filter>
    </ClCompile>
    <ClCompile Include="testing_module.cpp">
      <Filter>Исходные файлы</Filter>
    </ClCompile>
  </ItemGroup>
  <ItemGroup>
    <Text Include="areas.txt">
      <Filter>Текстовые файлы</Filter>
    </Text>
    <Text Include="border.txt">
      <Filter>Текстовые файлы</Filter>
    </Text>
    <Text Include="fictitious.txt">
      <Filter>Текстовые файлы</Filter>
    </Text>
    <Text Include="internal.txt">
      <Filter>Текстовые файлы</Filter>
    </Text>
    <Text Include="dense.txt">
      <Filter>Текстовые файлы</Filter>
    </Text>
    <Text Include="first.txt">
      <Filter>Текстовые файлы</Filter>
    </Text>
    <Text Include="second.txt">
      <Filter>Текстовые файлы</Filter>
    </Text>
    <Text Include="third.txt">
      <Filter>Текстовые файлы</Filter>
    </Text>
    <Text Include="tests\test_1.txt">
      <Filter>Результаты тестов</Filter>
    </Text>
    <Text Include="tests\test_2.txt">
      <Filter>Результаты тестов</Filter>
    </Text>
    <Text Include="tests\test_3.txt">
      <Filter>Результаты тестов</Filter>
    </Text>
    <Text Include="tests\test_4.txt">
      <Filter>Результаты тестов</Filter>
    </Text>
    <Text Include="tests\test_5.txt">
      <Filter>Результаты тестов</Filter>
    </Text>
  </ItemGroup>
</Project>