<?xml version="1.0" encoding="utf-8"?>
<Project ToolsVersion="4.0" xmlns="http://schemas.microsoft.com/developer/msbuild/2003">
  <ItemGroup>
    <Filter Include="Исходные файлы">
      <UniqueIdentifier>{4FC737F1-C7A5-4376-A066-2A32D752A2FF}</UniqueIdentifier>
      <Extensions>cpp;c;cc;cxx;c++;cppm;ixx;def;odl;idl;hpj;bat;asm;asmx</Extensions>
    </Filter>
    <Filter Include="Файлы заголовков">
      <UniqueIdentifier>{93995380-89BD-4b04-88EB-625FBE52EBFB}</UniqueIdentifier>
      <Extensions>h;hh;hpp;hxx;h++;hm;inl;inc;ipp;xsd</Extensions>
    </Filter>
    <Filter Include="Файлы ресурсов">
      <UniqueIdentifier>{67DA6AB6-F800-4c08-8B7A-83BB121AAD01}</UniqueIdentifier>
      <Extensions>rc;ico;cur;bmp;dlg;rc2;rct;bin;rgs;gif;jpg;jpeg;jpe;resx;tiff;tif;png;wav;mfcribbon-ms</Extensions>
    </Filter>
    <Filter Include="Матрица">
      <UniqueIdentifier>{a7621eda-41c3-4f18-9ec3-db02e1c873bd}</UniqueIdentifier>
    </Filter>
    <Filter Include="Входные данные">
      <UniqueIdentifier>{5509397e-2312-4fb8-ab6c-8d7f95bb5d97}</UniqueIdentifier>
    </Filter>
    <Filter Include="Результат">
      <UniqueIdentifier>{a7564950-bcf1-4487-be40-7ef3b26f33fc}</UniqueIdentifier>
    </Filter>
    <Filter Include="Сетка">
      <UniqueIdentifier>{b0206b55-1e1a-4db1-b425-5444c0ee37ed}</UniqueIdentifier>
    </Filter>
  </ItemGroup>
  <ItemGroup>
    <ClInclude Include="matrix.hpp">
      <Filter>Файлы заголовков</Filter>
    </ClInclude>
    <ClInclude Include="head.hpp">
      <Filter>Файлы заголовков</Filter>
    </ClInclude>
    <ClInclude Include="solver.hpp">
      <Filter>Файлы заголовков</Filter>
    </ClInclude>
    <ClInclude Include="mesh.hpp">
      <Filter>Файлы заголовков</Filter>
    </ClInclude>
    <ClInclude Include="mesh_generator.hpp">
      <Filter>Файлы заголовков</Filter>
    </ClInclude>
    <ClInclude Include="finite_element.hpp">
      <Filter>Файлы заголовков</Filter>
    </ClInclude>
    <ClInclude Include="area.hpp">
      <Filter>Файлы заголовков</Filter>
    </ClInclude>
    <ClInclude Include="boundary.hpp">
      <Filter>Файлы заголовков</Filter>
    </ClInclude>
    <ClInclude Include="mfe.hpp">
      <Filter>Файлы заголовков</Filter>
    </ClInclude>
    <ClInclude Include="basis_function.hpp">
      <Filter>Файлы заголовков</Filter>
    </ClInclude>
    <ClInclude Include="gauss.hpp">
      <Filter>Файлы заголовков</Filter>
    </ClInclude>
    <ClInclude Include="portrait_generator.hpp">
      <Filter>Файлы заголовков</Filter>
    </ClInclude>
    <ClInclude Include="decomposer.hpp">
      <Filter>Файлы заголовков</Filter>
    </ClInclude>
    <ClInclude Include="utilities.hpp">
      <Filter>Файлы заголовков</Filter>
    </ClInclude>
    <ClInclude Include="tests.hpp">
      <Filter>Файлы заголовков</Filter>
    </ClInclude>
  </ItemGroup>
  <ItemGroup>
    <ClCompile Include="matrix.cpp">
      <Filter>Исходные файлы</Filter>
    </ClCompile>
    <ClCompile Include="main.cpp">
      <Filter>Исходные файлы</Filter>
    </ClCompile>
    <ClCompile Include="solver.cpp">
      <Filter>Исходные файлы</Filter>
    </ClCompile>
    <ClCompile Include="mesh.cpp">
      <Filter>Исходные файлы</Filter>
    </ClCompile>
    <ClCompile Include="mesh_generator.cpp">
      <Filter>Исходные файлы</Filter>
    </ClCompile>
    <ClCompile Include="mfe.cpp">
      <Filter>Исходные файлы</Filter>
    </ClCompile>
    <ClCompile Include="gauss.cpp">
      <Filter>Исходные файлы</Filter>
    </ClCompile>
    <ClCompile Include="portrait_generator.cpp">
      <Filter>Исходные файлы</Filter>
    </ClCompile>
    <ClCompile Include="decomposer.cpp">
      <Filter>Исходные файлы</Filter>
    </ClCompile>
    <ClCompile Include="tests.cpp">
      <Filter>Исходные файлы</Filter>
    </ClCompile>
  </ItemGroup>
  <ItemGroup>
    <None Include="matrix\sparse.json">
      <Filter>Матрица</Filter>
    </None>
    <None Include="matrix\dense.json">
      <Filter>Матрица</Filter>
    </None>
    <None Include="matrix\profile.json">
      <Filter>Матрица</Filter>
    </None>
    <None Include="input_data\space_grid.json">
      <Filter>Входные данные</Filter>
    </None>
    <None Include="mesh\mesh.json">
      <Filter>Сетка</Filter>
    </None>
  </ItemGroup>
  <ItemGroup>
    <Text Include="tests\omega_tests.txt">
      <Filter>Результат</Filter>
    </Text>
    <Text Include="tests\lambda_tests.txt">
      <Filter>Результат</Filter>
    </Text>
    <Text Include="tests\sigma_tests.txt">
      <Filter>Результат</Filter>
    </Text>
    <Text Include="tests\hi_tests.txt">
      <Filter>Результат</Filter>
    </Text>
    <Text Include="tests\omega_tests_diffs.txt">
      <Filter>Результат</Filter>
    </Text>
  </ItemGroup>
</Project>